# THIS IS AN AUTOGENERATED FILE. DO NOT EDIT THIS FILE DIRECTLY.
# yarn lockfile v1


preact@10.0.0-beta.3:
  version "10.0.0-beta.3"
  resolved "https://registry.yarnpkg.com/preact/-/preact-10.0.0-beta.3.tgz#dabd0628d941f9e7908f68bb008e012ddff1b28f"
  integrity sha512-JDeA+CVFBlv+r+v/tScG8hzOcOedXfBLUA5IhStqpfc7rPGY3T85pdlu4aGo2tV0AoZzQfO4LTnKkQEnKJ3UxQ==

prettier@1.18.2:
  version "1.18.2"
  resolved "https://registry.yarnpkg.com/prettier/-/prettier-1.18.2.tgz#6823e7c5900017b4bd3acf46fe9ac4b4d7bda9ea"
  integrity sha512-OeHeMc0JhFE9idD4ZdtNibzY0+TPHSpSSb9h8FqtP+YnoZZ1sl8Vc9b1sasjfymH3SonAF4QcA2+mzHPhMvIiw==
